
Microsoft Visual Studio Solution File, Format Version 12.00
# Visual Studio 15
VisualStudioVersion = 15.0.27428.2043
MinimumVisualStudioVersion = 10.0.40219.1
Project("{FAE04EC0-301F-11D3-BF4B-00C04F79EFBC}") = "Homework02", "Module01Week02\Homework02.csproj", "{978E0514-21C4-4B46-9586-992C1F0148C4}"
EndProject
Global
	GlobalSection(SolutionConfigurationPlatforms) = preSolution
		Debug|Any CPU = Debug|Any CPU
		Release|Any CPU = Release|Any CPU
	EndGlobalSection
	GlobalSection(ProjectConfigurationPlatforms) = postSolution
		{978E0514-21C4-4B46-9586-992C1F0148C4}.Debug|Any CPU.ActiveCfg = Debug|Any CPU
		{978E0514-21C4-4B46-9586-992C1F0148C4}.Debug|Any CPU.Build.0 = Debug|Any CPU
		{978E0514-21C4-4B46-9586-992C1F0148C4}.Release|Any CPU.ActiveCfg = Release|Any CPU
		{978E0514-21C4-4B46-9586-992C1F0148C4}.Release|Any CPU.Build.0 = Release|Any CPU
	EndGlobalSection
	GlobalSection(SolutionProperties) = preSolution
		HideSolutionNode = FALSE
	EndGlobalSection
	GlobalSection(ExtensibilityGlobals) = postSolution
		SolutionGuid = {F1268B8A-A318-4A42-A1C8-6D5FC1399FF0}
	EndGlobalSection
EndGlobal
